// !$*UTF8*$!
{
	archiveVersion = 1;
	classes = {
	};
	objectVersion = 46;
	objects = {

/* Begin PBXBuildFile section */
		40210DB21E394DC90042B48E /* ItemDetailsVC.swift in Sources */ = {isa = PBXBuildFile; fileRef = 40210DB11E394DC90042B48E /* ItemDetailsVC.swift */; };
		405EB5571E36A38F00DD2FAB /* AppDelegate.swift in Sources */ = {isa = PBXBuildFile; fileRef = 405EB5561E36A38F00DD2FAB /* AppDelegate.swift */; };
		405EB5591E36A38F00DD2FAB /* MainVC.swift in Sources */ = {isa = PBXBuildFile; fileRef = 405EB5581E36A38F00DD2FAB /* MainVC.swift */; };
		405EB55C1E36A39000DD2FAB /* Main.storyboard in Resources */ = {isa = PBXBuildFile; fileRef = 405EB55A1E36A39000DD2FAB /* Main.storyboard */; };
		405EB55F1E36A39000DD2FAB /* DreamLister.xcdatamodeld in Sources */ = {isa = PBXBuildFile; fileRef = 405EB55D1E36A39000DD2FAB /* DreamLister.xcdatamodeld */; };
		405EB5611E36A39000DD2FAB /* Assets.xcassets in Resources */ = {isa = PBXBuildFile; fileRef = 405EB5601E36A39000DD2FAB /* Assets.xcassets */; };
		405EB5641E36A39000DD2FAB /* LaunchScreen.storyboard in Resources */ = {isa = PBXBuildFile; fileRef = 405EB5621E36A39000DD2FAB /* LaunchScreen.storyboard */; };
		405EB5A51E36BA3500DD2FAB /* MaterialView.swift in Sources */ = {isa = PBXBuildFile; fileRef = 405EB5A41E36BA3500DD2FAB /* MaterialView.swift */; };
		4088F7651E39560600BF7312 /* CustomTextField.swift in Sources */ = {isa = PBXBuildFile; fileRef = 4088F7641E39560600BF7312 /* CustomTextField.swift */; };
		4096012F1E37F0F500FD1DF5 /* ItemCell.swift in Sources */ = {isa = PBXBuildFile; fileRef = 4096012E1E37F0F500FD1DF5 /* ItemCell.swift */; };
/* End PBXBuildFile section */

/* Begin PBXFileReference section */
		40210DB11E394DC90042B48E /* ItemDetailsVC.swift */ = {isa = PBXFileReference; fileEncoding = 4; lastKnownFileType = sourcecode.swift; path = ItemDetailsVC.swift; sourceTree = "<group>"; };
		405EB5531E36A38F00DD2FAB /* DreamLister.app */ = {isa = PBXFileReference; explicitFileType = wrapper.application; includeInIndex = 0; path = DreamLister.app; sourceTree = BUILT_PRODUCTS_DIR; };
		405EB5561E36A38F00DD2FAB /* AppDelegate.swift */ = {isa = PBXFileReference; lastKnownFileType = sourcecode.swift; path = AppDelegate.swift; sourceTree = "<group>"; };
		405EB5581E36A38F00DD2FAB /* MainVC.swift */ = {isa = PBXFileReference; lastKnownFileType = sourcecode.swift; path = MainVC.swift; sourceTree = "<group>"; };
		405EB55B1E36A39000DD2FAB /* Base */ = {isa = PBXFileReference; lastKnownFileType = file.storyboard; name = Base; path = Base.lproj/Main.storyboard; sourceTree = "<group>"; };
		405EB55E1E36A39000DD2FAB /* DreamLister.xcdatamodel */ = {isa = PBXFileReference; lastKnownFileType = wrapper.xcdatamodel; path = DreamLister.xcdatamodel; sourceTree = "<group>"; };
		405EB5601E36A39000DD2FAB /* Assets.xcassets */ = {isa = PBXFileReference; lastKnownFileType = folder.assetcatalog; path = Assets.xcassets; sourceTree = "<group>"; };
		405EB5631E36A39000DD2FAB /* Base */ = {isa = PBXFileReference; lastKnownFileType = file.storyboard; name = Base; path = Base.lproj/LaunchScreen.storyboard; sourceTree = "<group>"; };
		405EB5651E36A39000DD2FAB /* Info.plist */ = {isa = PBXFileReference; lastKnownFileType = text.plist.xml; path = Info.plist; sourceTree = "<group>"; };
		405EB5A41E36BA3500DD2FAB /* MaterialView.swift */ = {isa = PBXFileReference; fileEncoding = 4; lastKnownFileType = sourcecode.swift; path = MaterialView.swift; sourceTree = "<group>"; };
		4088F7641E39560600BF7312 /* CustomTextField.swift */ = {isa = PBXFileReference; fileEncoding = 4; lastKnownFileType = sourcecode.swift; path = CustomTextField.swift; sourceTree = "<group>"; };
		4096012E1E37F0F500FD1DF5 /* ItemCell.swift */ = {isa = PBXFileReference; fileEncoding = 4; lastKnownFileType = sourcecode.swift; path = ItemCell.swift; sourceTree = "<group>"; };
/* End PBXFileReference section */

/* Begin PBXFrameworksBuildPhase section */
		405EB5501E36A38F00DD2FAB /* Frameworks */ = {
			isa = PBXFrameworksBuildPhase;
			buildActionMask = 2147483647;
			files = (
			);
			runOnlyForDeploymentPostprocessing = 0;
		};
/* End PBXFrameworksBuildPhase section */

/* Begin PBXGroup section */
		40210DB01E394D800042B48E /* Controller */ = {
			isa = PBXGroup;
			children = (
				405EB5581E36A38F00DD2FAB /* MainVC.swift */,
				40210DB11E394DC90042B48E /* ItemDetailsVC.swift */,
			);
			name = Controller;
			sourceTree = "<group>";
		};
		405EB54A1E36A38E00DD2FAB = {
			isa = PBXGroup;
			children = (
				405EB5551E36A38F00DD2FAB /* DreamLister */,
				405EB5541E36A38F00DD2FAB /* Products */,
			);
			sourceTree = "<group>";
		};
		405EB5541E36A38F00DD2FAB /* Products */ = {
			isa = PBXGroup;
			children = (
				405EB5531E36A38F00DD2FAB /* DreamLister.app */,
			);
			name = Products;
			sourceTree = "<group>";
		};
		405EB5551E36A38F00DD2FAB /* DreamLister */ = {
			isa = PBXGroup;
			children = (
				405EB5A31E36BA0C00DD2FAB /* View */,
				405EB57B1E36A83C00DD2FAB /* Model */,
				40210DB01E394D800042B48E /* Controller */,
				405EB5561E36A38F00DD2FAB /* AppDelegate.swift */,
				405EB55A1E36A39000DD2FAB /* Main.storyboard */,
				405EB5601E36A39000DD2FAB /* Assets.xcassets */,
				405EB5621E36A39000DD2FAB /* LaunchScreen.storyboard */,
				405EB5651E36A39000DD2FAB /* Info.plist */,
				405EB55D1E36A39000DD2FAB /* DreamLister.xcdatamodeld */,
			);
			path = DreamLister;
			sourceTree = "<group>";
		};
		405EB57B1E36A83C00DD2FAB /* Model */ = {
			isa = PBXGroup;
			children = (
			);
			name = Model;
			sourceTree = "<group>";
		};
		405EB5A31E36BA0C00DD2FAB /* View */ = {
			isa = PBXGroup;
			children = (
				405EB5A41E36BA3500DD2FAB /* MaterialView.swift */,
				4096012E1E37F0F500FD1DF5 /* ItemCell.swift */,
				4088F7641E39560600BF7312 /* CustomTextField.swift */,
			);
			name = View;
			sourceTree = "<group>";
		};
/* End PBXGroup section */

/* Begin PBXNativeTarget section */
		405EB5521E36A38F00DD2FAB /* DreamLister */ = {
			isa = PBXNativeTarget;
			buildConfigurationList = 405EB5681E36A39000DD2FAB /* Build configuration list for PBXNativeTarget "DreamLister" */;
			buildPhases = (
				405EB54F1E36A38F00DD2FAB /* Sources */,
				405EB5501E36A38F00DD2FAB /* Frameworks */,
				405EB5511E36A38F00DD2FAB /* Resources */,
			);
			buildRules = (
			);
			dependencies = (
			);
			name = DreamLister;
			productName = DreamLister;
			productReference = 405EB5531E36A38F00DD2FAB /* DreamLister.app */;
			productType = "com.apple.product-type.application";
		};
/* End PBXNativeTarget section */

/* Begin PBXProject section */
		405EB54B1E36A38E00DD2FAB /* Project object */ = {
			isa = PBXProject;
			attributes = {
				LastSwiftUpdateCheck = 0810;
				LastUpgradeCheck = 0830;
				ORGANIZATIONNAME = "Aaron Thomas";
				TargetAttributes = {
					405EB5521E36A38F00DD2FAB = {
						CreatedOnToolsVersion = 8.1;
						DevelopmentTeam = 7D8A6696Q9;
						ProvisioningStyle = Automatic;
					};
				};
			};
			buildConfigurationList = 405EB54E1E36A38E00DD2FAB /* Build configuration list for PBXProject "DreamLister" */;
			compatibilityVersion = "Xcode 3.2";
			developmentRegion = English;
			hasScannedForEncodings = 0;
			knownRegions = (
				en,
				Base,
			);
			mainGroup = 405EB54A1E36A38E00DD2FAB;
			productRefGroup = 405EB5541E36A38F00DD2FAB /* Products */;
			projectDirPath = "";
			projectRoot = "";
			targets = (
				405EB5521E36A38F00DD2FAB /* DreamLister */,
			);
		};
/* End PBXProject section */

/* Begin PBXResourcesBuildPhase section */
		405EB5511E36A38F00DD2FAB /* Resources */ = {
			isa = PBXResourcesBuildPhase;
			buildActionMask = 2147483647;
			files = (
				405EB5641E36A39000DD2FAB /* LaunchScreen.storyboard in Resources */,
				405EB5611E36A39000DD2FAB /* Assets.xcassets in Resources */,
				405EB55C1E36A39000DD2FAB /* Main.storyboard in Resources */,
			);
			runOnlyForDeploymentPostprocessing = 0;
		};
/* End PBXResourcesBuildPhase section */

/* Begin PBXSourcesBuildPhase section */
		405EB54F1E36A38F00DD2FAB /* Sources */ = {
			isa = PBXSourcesBuildPhase;
			buildActionMask = 2147483647;
			files = (
				4088F7651E39560600BF7312 /* CustomTextField.swift in Sources */,
				40210DB21E394DC90042B48E /* ItemDetailsVC.swift in Sources */,
				405EB5591E36A38F00DD2FAB /* MainVC.swift in Sources */,
				4096012F1E37F0F500FD1DF5 /* ItemCell.swift in Sources */,
				405EB5A51E36BA3500DD2FAB /* MaterialView.swift in Sources */,
				405EB5571E36A38F00DD2FAB /* AppDelegate.swift in Sources */,
				405EB55F1E36A39000DD2FAB /* DreamLister.xcdatamodeld in Sources */,
			);
			runOnlyForDeploymentPostprocessing = 0;
		};
/* End PBXSourcesBuildPhase section */

/* Begin PBXVariantGroup section */
		405EB55A1E36A39000DD2FAB /* Main.storyboard */ = {
			isa = PBXVariantGroup;
			children = (
				405EB55B1E36A39000DD2FAB /* Base */,
			);
			name = Main.storyboard;
			sourceTree = "<group>";
		};
		405EB5621E36A39000DD2FAB /* LaunchScreen.storyboard */ = {
			isa = PBXVariantGroup;
			children = (
				405EB5631E36A39000DD2FAB /* Base */,
			);
			name = LaunchScreen.storyboard;
			sourceTree = "<group>";
		};
/* End PBXVariantGroup section */

/* Begin XCBuildConfiguration section */
		405EB5661E36A39000DD2FAB /* Debug */ = {
			isa = XCBuildConfiguration;
			buildSettings = {
				ALWAYS_SEARCH_USER_PATHS = NO;
				CLANG_ANALYZER_NONNULL = YES;
				CLANG_CXX_LANGUAGE_STANDARD = "gnu++0x";
				CLANG_CXX_LIBRARY = "libc++";
				CLANG_ENABLE_MODULES = YES;
				CLANG_ENABLE_OBJC_ARC = YES;
				CLANG_WARN_BOOL_CONVERSION = YES;
				CLANG_WARN_CONSTANT_CONVERSION = YES;
				CLANG_WARN_DIRECT_OBJC_ISA_USAGE = YES_ERROR;
				CLANG_WARN_DOCUMENTATION_COMMENTS = YES;
				CLANG_WARN_EMPTY_BODY = YES;
				CLANG_WARN_ENUM_CONVERSION = YES;
				CLANG_WARN_INFINITE_RECURSION = YES;
				CLANG_WARN_INT_CONVERSION = YES;
				CLANG_WARN_OBJC_ROOT_CLASS = YES_ERROR;
				CLANG_WARN_SUSPICIOUS_MOVE = YES;
				CLANG_WARN_SUSPICIOUS_MOVES = YES;
				CLANG_WARN_UNREACHABLE_CODE = YES;
				CLANG_WARN__DUPLICATE_METHOD_MATCH = YES;
				"CODE_SIGN_IDENTITY[sdk=iphoneos*]" = "iPhone Developer";
				COPY_PHASE_STRIP = NO;
				DEBUG_INFORMATION_FORMAT = dwarf;
				ENABLE_STRICT_OBJC_MSGSEND = YES;
				ENABLE_TESTABILITY = YES;
				GCC_C_LANGUAGE_STANDARD = gnu99;
				GCC_DYNAMIC_NO_PIC = NO;
				GCC_NO_COMMON_BLOCKS = YES;
				GCC_OPTIMIZATION_LEVEL = 0;
				GCC_PREPROCESSOR_DEFINITIONS = (
					"DEBUG=1",
					"$(inherited)",
				);
				GCC_WARN_64_TO_32_BIT_CONVERSION = YES;
				GCC_WARN_ABOUT_RETURN_TYPE = YES_ERROR;
				GCC_WARN_UNDECLARED_SELECTOR = YES;
				GCC_WARN_UNINITIALIZED_AUTOS = YES_AGGRESSIVE;
				GCC_WARN_UNUSED_FUNCTION = YES;
				GCC_WARN_UNUSED_VARIABLE = YES;
				IPHONEOS_DEPLOYMENT_TARGET = 10.1;
				MTL_ENABLE_DEBUG_INFO = YES;
				ONLY_ACTIVE_ARCH = YES;
				SDKROOT = iphoneos;
				SWIFT_ACTIVE_COMPILATION_CONDITIONS = DEBUG;
				SWIFT_OPTIMIZATION_LEVEL = "-Onone";
				TARGETED_DEVICE_FAMILY = "1,2";
			};
			name = Debug;
		};
		405EB5671E36A39000DD2FAB /* Release */ = {
			isa = XCBuildConfiguration;
			buildSettings = {
				ALWAYS_SEARCH_USER_PATHS = NO;
				CLANG_ANALYZER_NONNULL = YES;
				CLANG_CXX_LANGUAGE_STANDARD = "gnu++0x";
				CLANG_CXX_LIBRARY = "libc++";
				CLANG_ENABLE_MODULES = YES;
				CLANG_ENABLE_OBJC_ARC = YES;
				CLANG_WARN_BOOL_CONVERSION = YES;
				CLANG_WARN_CONSTANT_CONVERSION = YES;
				CLANG_WARN_DIRECT_OBJC_ISA_USAGE = YES_ERROR;
				CLANG_WARN_DOCUMENTATION_COMMENTS = YES;
				CLANG_WARN_EMPTY_BODY = YES;
				CLANG_WARN_ENUM_CONVERSION = YES;
				CLANG_WARN_INFINITE_RECURSION = YES;
				CLANG_WARN_INT_CONVERSION = YES;
				CLANG_WARN_OBJC_ROOT_CLASS = YES_ERROR;
				CLANG_WARN_SUSPICIOUS_MOVE = YES;
				CLANG_WARN_SUSPICIOUS_MOVES = YES;
				CLANG_WARN_UNREACHABLE_CODE = YES;
				CLANG_WARN__DUPLICATE_METHOD_MATCH = YES;
				"CODE_SIGN_IDENTITY[sdk=iphoneos*]" = "iPhone Developer";
				COPY_PHASE_STRIP = NO;
				DEBUG_INFORMATION_FORMAT = "dwarf-with-dsym";
				ENABLE_NS_ASSERTIONS = NO;
				ENABLE_STRICT_OBJC_MSGSEND = YES;
				GCC_C_LANGUAGE_STANDARD = gnu99;
				GCC_NO_COMMON_BLOCKS = YES;
				GCC_WARN_64_TO_32_BIT_CONVERSION = YES;
				GCC_WARN_ABOUT_RETURN_TYPE = YES_ERROR;
				GCC_WARN_UNDECLARED_SELECTOR = YES;
				GCC_WARN_UNINITIALIZED_AUTOS = YES_AGGRESSIVE;
				GCC_WARN_UNUSED_FUNCTION = YES;
				GCC_WARN_UNUSED_VARIABLE = YES;
				IPHONEOS_DEPLOYMENT_TARGET = 10.1;
				MTL_ENABLE_DEBUG_INFO = NO;
				SDKROOT = iphoneos;
				SWIFT_OPTIMIZATION_LEVEL = "-Owholemodule";
				TARGETED_DEVICE_FAMILY = "1,2";
				VALIDATE_PRODUCT = YES;
			};
			name = Release;
		};
		405EB5691E36A39000DD2FAB /* Debug */ = {
			isa = XCBuildConfiguration;
			buildSettings = {
				ASSETCATALOG_COMPILER_APPICON_NAME = AppIcon;
				DEVELOPMENT_TEAM = 7D8A6696Q9;
				INFOPLIST_FILE = DreamLister/Info.plist;
				LD_RUNPATH_SEARCH_PATHS = "$(inherited) @executable_path/Frameworks";
				PRODUCT_BUNDLE_IDENTIFIER = com.example.DreamLister;
				PRODUCT_NAME = "$(TARGET_NAME)";
				SWIFT_VERSION = 3.0;
			};
			name = Debug;
		};
		405EB56A1E36A39000DD2FAB /* Release */ = {
			isa = XCBuildConfiguration;
			buildSettings = {
				ASSETCATALOG_COMPILER_APPICON_NAME = AppIcon;
				DEVELOPMENT_TEAM = 7D8A6696Q9;
				INFOPLIST_FILE = DreamLister/Info.plist;
				LD_RUNPATH_SEARCH_PATHS = "$(inherited) @executable_path/Frameworks";
				PRODUCT_BUNDLE_IDENTIFIER = com.example.DreamLister;
				PRODUCT_NAME = "$(TARGET_NAME)";
				SWIFT_VERSION = 3.0;
			};
			name = Release;
		};
/* End XCBuildConfiguration section */

/* Begin XCConfigurationList section */
		405EB54E1E36A38E00DD2FAB /* Build configuration list for PBXProject "DreamLister" */ = {
			isa = XCConfigurationList;
			buildConfigurations = (
				405EB5661E36A39000DD2FAB /* Debug */,
				405EB5671E36A39000DD2FAB /* Release */,
			);
			defaultConfigurationIsVisible = 0;
			defaultConfigurationName = Release;
		};
		405EB5681E36A39000DD2FAB /* Build configuration list for PBXNativeTarget "DreamLister" */ = {
			isa = XCConfigurationList;
			buildConfigurations = (
				405EB5691E36A39000DD2FAB /* Debug */,
				405EB56A1E36A39000DD2FAB /* Release */,
			);
			defaultConfigurationIsVisible = 0;
			defaultConfigurationName = Release;
		};
/* End XCConfigurationList section */

/* Begin XCVersionGroup section */
		405EB55D1E36A39000DD2FAB /* DreamLister.xcdatamodeld */ = {
			isa = XCVersionGroup;
			children = (
				405EB55E1E36A39000DD2FAB /* DreamLister.xcdatamodel */,
			);
			currentVersion = 405EB55E1E36A39000DD2FAB /* DreamLister.xcdatamodel */;
			path = DreamLister.xcdatamodeld;
			sourceTree = "<group>";
			versionGroupType = wrapper.xcdatamodel;
		};
/* End XCVersionGroup section */
	};
	rootObject = 405EB54B1E36A38E00DD2FAB /* Project object */;
}
